{
  "name": "charrlotteadelina.github.io",
  "lockfileVersion": 3,
  "requires": true,
  "packages": {
    "": {
      "dependencies": {
        "wallop": "^2.4.1"
      }
    },
    "node_modules/wallop": {
      "version": "2.4.1",
      "resolved": "https://registry.npmjs.org/wallop/-/wallop-2.4.1.tgz",
      "integrity": "sha512-+9TdCpjwsCLXO+9UJRoFzBloGOmfezbuklSEjhCLJd+yc5TJBpEF/Qvc7l+RgBJ6ncWi1Ue2gEcidTX8AkD1Lg==",
      "license": "MIT"
    }
  }
}
